
Microsoft Visual Studio Solution File, Format Version 10.00
# Visual C++ Express 2008
Project("{8BC9CEB8-8B4A-11D0-8D11-00A0C91BC942}") = "3 Dimensional array", "3 Dimensional array\3 Dimensional array.vcproj", "{44F86729-310C-4823-BB1A-5F7D80078125}"
EndProject
Global
	GlobalSection(SolutionConfigurationPlatforms) = preSolution
		Debug|Win32 = Debug|Win32
		Release|Win32 = Release|Win32
	EndGlobalSection
	GlobalSection(ProjectConfigurationPlatforms) = postSolution
		{44F86729-310C-4823-BB1A-5F7D80078125}.Debug|Win32.ActiveCfg = Debug|Win32
		{44F86729-310C-4823-BB1A-5F7D80078125}.Debug|Win32.Build.0 = Debug|Win32
		{44F86729-310C-4823-BB1A-5F7D80078125}.Release|Win32.ActiveCfg = Release|Win32
		{44F86729-310C-4823-BB1A-5F7D80078125}.Release|Win32.Build.0 = Release|Win32
	EndGlobalSection
	GlobalSection(SolutionProperties) = preSolution
		HideSolutionNode = FALSE
	EndGlobalSection
EndGlobal
