
Microsoft Visual Studio Solution File, Format Version 10.00
# Visual C++ Express 2008
Project("{8BC9CEB8-8B4A-11D0-8D11-00A0C91BC942}") = "static fun", "static fun.vcproj", "{2E4076B3-3E35-41A2-A7DD-425AA9CB28CC}"
EndProject
Global
	GlobalSection(SolutionConfigurationPlatforms) = preSolution
		Debug|Win32 = Debug|Win32
		Release|Win32 = Release|Win32
	EndGlobalSection
	GlobalSection(ProjectConfigurationPlatforms) = postSolution
		{2E4076B3-3E35-41A2-A7DD-425AA9CB28CC}.Debug|Win32.ActiveCfg = Debug|Win32
		{2E4076B3-3E35-41A2-A7DD-425AA9CB28CC}.Debug|Win32.Build.0 = Debug|Win32
		{2E4076B3-3E35-41A2-A7DD-425AA9CB28CC}.Release|Win32.ActiveCfg = Release|Win32
		{2E4076B3-3E35-41A2-A7DD-425AA9CB28CC}.Release|Win32.Build.0 = Release|Win32
	EndGlobalSection
	GlobalSection(SolutionProperties) = preSolution
		HideSolutionNode = FALSE
	EndGlobalSection
EndGlobal
